
Microsoft Visual Studio Solution File, Format Version 12.00
# Visual Studio Version 17
VisualStudioVersion = 17.8.34601.278
MinimumVisualStudioVersion = 10.0.40219.1
Project("{FAE04EC0-301F-11D3-BF4B-00C04F79EFBC}") = "WcfService1", "WcfService1\WcfService1.csproj", "{92806C5C-E3EB-477C-88AE-B796A7699288}"
EndProject
Global
	GlobalSection(SolutionConfigurationPlatforms) = preSolution
		Debug|Any CPU = Debug|Any CPU
		Release|Any CPU = Release|Any CPU
	EndGlobalSection
	GlobalSection(ProjectConfigurationPlatforms) = postSolution
		{92806C5C-E3EB-477C-88AE-B796A7699288}.Debug|Any CPU.ActiveCfg = Debug|Any CPU
		{92806C5C-E3EB-477C-88AE-B796A7699288}.Debug|Any CPU.Build.0 = Debug|Any CPU
		{92806C5C-E3EB-477C-88AE-B796A7699288}.Release|Any CPU.ActiveCfg = Release|Any CPU
		{92806C5C-E3EB-477C-88AE-B796A7699288}.Release|Any CPU.Build.0 = Release|Any CPU
	EndGlobalSection
	GlobalSection(SolutionProperties) = preSolution
		HideSolutionNode = FALSE
	EndGlobalSection
	GlobalSection(ExtensibilityGlobals) = postSolution
		SolutionGuid = {CC2BE688-02B8-4A94-8410-F64918628221}
	EndGlobalSection
EndGlobal
