
Microsoft Visual Studio Solution File, Format Version 12.00
# Visual Studio Version 17
VisualStudioVersion = 17.8.34408.163
MinimumVisualStudioVersion = 10.0.40219.1
Project("{FAE04EC0-301F-11D3-BF4B-00C04F79EFBC}") = "JWTtoken", "JWTtoken\JWTtoken.csproj", "{DC4796AE-2D04-46CB-8055-EA60C8A7DCCE}"
EndProject
Global
	GlobalSection(SolutionConfigurationPlatforms) = preSolution
		Debug|Any CPU = Debug|Any CPU
		Release|Any CPU = Release|Any CPU
	EndGlobalSection
	GlobalSection(ProjectConfigurationPlatforms) = postSolution
		{DC4796AE-2D04-46CB-8055-EA60C8A7DCCE}.Debug|Any CPU.ActiveCfg = Debug|Any CPU
		{DC4796AE-2D04-46CB-8055-EA60C8A7DCCE}.Debug|Any CPU.Build.0 = Debug|Any CPU
		{DC4796AE-2D04-46CB-8055-EA60C8A7DCCE}.Release|Any CPU.ActiveCfg = Release|Any CPU
		{DC4796AE-2D04-46CB-8055-EA60C8A7DCCE}.Release|Any CPU.Build.0 = Release|Any CPU
	EndGlobalSection
	GlobalSection(SolutionProperties) = preSolution
		HideSolutionNode = FALSE
	EndGlobalSection
	GlobalSection(ExtensibilityGlobals) = postSolution
		SolutionGuid = {A8C4460D-E8CD-4A97-B18E-642CE9F9D6FA}
	EndGlobalSection
EndGlobal
