
Microsoft Visual Studio Solution File, Format Version 12.00
# Visual Studio Version 17
VisualStudioVersion = 17.8.34408.163
MinimumVisualStudioVersion = 10.0.40219.1
Project("{FAE04EC0-301F-11D3-BF4B-00C04F79EFBC}") = "Crud(mvc)withado1", "Crud(mvc)withado1\Crud(mvc)withado1.csproj", "{3BD37267-ABBC-4A31-972A-A1BFE1EFD0FA}"
EndProject
Global
	GlobalSection(SolutionConfigurationPlatforms) = preSolution
		Debug|Any CPU = Debug|Any CPU
		Release|Any CPU = Release|Any CPU
	EndGlobalSection
	GlobalSection(ProjectConfigurationPlatforms) = postSolution
		{3BD37267-ABBC-4A31-972A-A1BFE1EFD0FA}.Debug|Any CPU.ActiveCfg = Debug|Any CPU
		{3BD37267-ABBC-4A31-972A-A1BFE1EFD0FA}.Debug|Any CPU.Build.0 = Debug|Any CPU
		{3BD37267-ABBC-4A31-972A-A1BFE1EFD0FA}.Release|Any CPU.ActiveCfg = Release|Any CPU
		{3BD37267-ABBC-4A31-972A-A1BFE1EFD0FA}.Release|Any CPU.Build.0 = Release|Any CPU
	EndGlobalSection
	GlobalSection(SolutionProperties) = preSolution
		HideSolutionNode = FALSE
	EndGlobalSection
	GlobalSection(ExtensibilityGlobals) = postSolution
		SolutionGuid = {2C733B8B-7A0F-4AF0-B289-DB0E52B3A9CF}
	EndGlobalSection
EndGlobal
