
Microsoft Visual Studio Solution File, Format Version 12.00
# Visual Studio Version 17
VisualStudioVersion = 17.8.34408.163
MinimumVisualStudioVersion = 10.0.40219.1
Project("{FAE04EC0-301F-11D3-BF4B-00C04F79EFBC}") = "Icomparable", "Icomparable\Icomparable.csproj", "{B6B89CF6-90C0-40BB-AA87-6F1305BC7601}"
EndProject
Global
	GlobalSection(SolutionConfigurationPlatforms) = preSolution
		Debug|Any CPU = Debug|Any CPU
		Release|Any CPU = Release|Any CPU
	EndGlobalSection
	GlobalSection(ProjectConfigurationPlatforms) = postSolution
		{B6B89CF6-90C0-40BB-AA87-6F1305BC7601}.Debug|Any CPU.ActiveCfg = Debug|Any CPU
		{B6B89CF6-90C0-40BB-AA87-6F1305BC7601}.Debug|Any CPU.Build.0 = Debug|Any CPU
		{B6B89CF6-90C0-40BB-AA87-6F1305BC7601}.Release|Any CPU.ActiveCfg = Release|Any CPU
		{B6B89CF6-90C0-40BB-AA87-6F1305BC7601}.Release|Any CPU.Build.0 = Release|Any CPU
	EndGlobalSection
	GlobalSection(SolutionProperties) = preSolution
		HideSolutionNode = FALSE
	EndGlobalSection
	GlobalSection(ExtensibilityGlobals) = postSolution
		SolutionGuid = {42249D3D-B290-4D54-AB47-5299D4B3579A}
	EndGlobalSection
EndGlobal
