
Microsoft Visual Studio Solution File, Format Version 12.00
# Visual Studio Version 17
VisualStudioVersion = 17.8.34408.163
MinimumVisualStudioVersion = 10.0.40219.1
Project("{FAE04EC0-301F-11D3-BF4B-00C04F79EFBC}") = "multicastdelegate", "multicastdelegate\multicastdelegate.csproj", "{47533F1E-F30C-41C8-9A9C-F127047BFDFC}"
EndProject
Global
	GlobalSection(SolutionConfigurationPlatforms) = preSolution
		Debug|Any CPU = Debug|Any CPU
		Release|Any CPU = Release|Any CPU
	EndGlobalSection
	GlobalSection(ProjectConfigurationPlatforms) = postSolution
		{47533F1E-F30C-41C8-9A9C-F127047BFDFC}.Debug|Any CPU.ActiveCfg = Debug|Any CPU
		{47533F1E-F30C-41C8-9A9C-F127047BFDFC}.Debug|Any CPU.Build.0 = Debug|Any CPU
		{47533F1E-F30C-41C8-9A9C-F127047BFDFC}.Release|Any CPU.ActiveCfg = Release|Any CPU
		{47533F1E-F30C-41C8-9A9C-F127047BFDFC}.Release|Any CPU.Build.0 = Release|Any CPU
	EndGlobalSection
	GlobalSection(SolutionProperties) = preSolution
		HideSolutionNode = FALSE
	EndGlobalSection
	GlobalSection(ExtensibilityGlobals) = postSolution
		SolutionGuid = {5847AF52-B673-46A6-9876-74C1B719F1A9}
	EndGlobalSection
EndGlobal
