
Microsoft Visual Studio Solution File, Format Version 12.00
# Visual Studio Version 17
VisualStudioVersion = 17.8.34601.278
MinimumVisualStudioVersion = 10.0.40219.1
Project("{FAE04EC0-301F-11D3-BF4B-00C04F79EFBC}") = "Firstweb(wcf)", "Firstweb(wcf)\Firstweb(wcf).csproj", "{4C030EF7-61EB-47B1-ABC2-1FCAD8350EB6}"
EndProject
Global
	GlobalSection(SolutionConfigurationPlatforms) = preSolution
		Debug|Any CPU = Debug|Any CPU
		Release|Any CPU = Release|Any CPU
	EndGlobalSection
	GlobalSection(ProjectConfigurationPlatforms) = postSolution
		{4C030EF7-61EB-47B1-ABC2-1FCAD8350EB6}.Debug|Any CPU.ActiveCfg = Debug|Any CPU
		{4C030EF7-61EB-47B1-ABC2-1FCAD8350EB6}.Debug|Any CPU.Build.0 = Debug|Any CPU
		{4C030EF7-61EB-47B1-ABC2-1FCAD8350EB6}.Release|Any CPU.ActiveCfg = Release|Any CPU
		{4C030EF7-61EB-47B1-ABC2-1FCAD8350EB6}.Release|Any CPU.Build.0 = Release|Any CPU
	EndGlobalSection
	GlobalSection(SolutionProperties) = preSolution
		HideSolutionNode = FALSE
	EndGlobalSection
	GlobalSection(ExtensibilityGlobals) = postSolution
		SolutionGuid = {CA57ED6F-1B44-4A81-BC8F-93CC2BA27237}
	EndGlobalSection
EndGlobal
