
Microsoft Visual Studio Solution File, Format Version 12.00
# Visual Studio Version 17
VisualStudioVersion = 17.8.34408.163
MinimumVisualStudioVersion = 10.0.40219.1
Project("{FAE04EC0-301F-11D3-BF4B-00C04F79EFBC}") = "lamda", "lamda\lamda.csproj", "{771C2044-EE28-4934-85B2-CEF350E618CE}"
EndProject
Global
	GlobalSection(SolutionConfigurationPlatforms) = preSolution
		Debug|Any CPU = Debug|Any CPU
		Release|Any CPU = Release|Any CPU
	EndGlobalSection
	GlobalSection(ProjectConfigurationPlatforms) = postSolution
		{771C2044-EE28-4934-85B2-CEF350E618CE}.Debug|Any CPU.ActiveCfg = Debug|Any CPU
		{771C2044-EE28-4934-85B2-CEF350E618CE}.Debug|Any CPU.Build.0 = Debug|Any CPU
		{771C2044-EE28-4934-85B2-CEF350E618CE}.Release|Any CPU.ActiveCfg = Release|Any CPU
		{771C2044-EE28-4934-85B2-CEF350E618CE}.Release|Any CPU.Build.0 = Release|Any CPU
	EndGlobalSection
	GlobalSection(SolutionProperties) = preSolution
		HideSolutionNode = FALSE
	EndGlobalSection
	GlobalSection(ExtensibilityGlobals) = postSolution
		SolutionGuid = {DDA5897A-091C-4238-B453-7A996EA91BD3}
	EndGlobalSection
EndGlobal
