
Microsoft Visual Studio Solution File, Format Version 12.00
# Visual Studio Version 17
VisualStudioVersion = 17.8.34408.163
MinimumVisualStudioVersion = 10.0.40219.1
Project("{FAE04EC0-301F-11D3-BF4B-00C04F79EFBC}") = "geethall", "doublylinkedlist\geethall.csproj", "{A742EE00-47A5-402F-806A-28020FB0EBAF}"
EndProject
Global
	GlobalSection(SolutionConfigurationPlatforms) = preSolution
		Debug|Any CPU = Debug|Any CPU
		Release|Any CPU = Release|Any CPU
	EndGlobalSection
	GlobalSection(ProjectConfigurationPlatforms) = postSolution
		{A742EE00-47A5-402F-806A-28020FB0EBAF}.Debug|Any CPU.ActiveCfg = Debug|Any CPU
		{A742EE00-47A5-402F-806A-28020FB0EBAF}.Debug|Any CPU.Build.0 = Debug|Any CPU
		{A742EE00-47A5-402F-806A-28020FB0EBAF}.Release|Any CPU.ActiveCfg = Release|Any CPU
		{A742EE00-47A5-402F-806A-28020FB0EBAF}.Release|Any CPU.Build.0 = Release|Any CPU
	EndGlobalSection
	GlobalSection(SolutionProperties) = preSolution
		HideSolutionNode = FALSE
	EndGlobalSection
	GlobalSection(ExtensibilityGlobals) = postSolution
		SolutionGuid = {13CA0E84-9BEF-4214-9490-67179CB84D3D}
	EndGlobalSection
EndGlobal
